
Microsoft Visual Studio Solution File, Format Version 12.00
# Visual Studio Version 17
VisualStudioVersion = 17.3.32929.385
MinimumVisualStudioVersion = 10.0.40219.1
Project("{FAE04EC0-301F-11D3-BF4B-00C04F79EFBC}") = "LinkedMyCommands", "LinkedMyCommands\LinkedMyCommands.csproj", "{66483708-4811-4840-A330-01A4FF6D8F4A}"
EndProject
Global
	GlobalSection(SolutionConfigurationPlatforms) = preSolution
		Debug|Any CPU = Debug|Any CPU
		Release|Any CPU = Release|Any CPU
	EndGlobalSection
	GlobalSection(ProjectConfigurationPlatforms) = postSolution
		{66483708-4811-4840-A330-01A4FF6D8F4A}.Debug|Any CPU.ActiveCfg = Debug|Any CPU
		{66483708-4811-4840-A330-01A4FF6D8F4A}.Debug|Any CPU.Build.0 = Debug|Any CPU
		{66483708-4811-4840-A330-01A4FF6D8F4A}.Release|Any CPU.ActiveCfg = Release|Any CPU
		{66483708-4811-4840-A330-01A4FF6D8F4A}.Release|Any CPU.Build.0 = Release|Any CPU
	EndGlobalSection
	GlobalSection(SolutionProperties) = preSolution
		HideSolutionNode = FALSE
	EndGlobalSection
	GlobalSection(ExtensibilityGlobals) = postSolution
		SolutionGuid = {72B7BEE6-903C-4C17-892A-21206AB8B4B3}
	EndGlobalSection
EndGlobal
